<?xml version="1.0" encoding="utf-8"?>
<Project ToolsVersion="4.0" xmlns="http://schemas.microsoft.com/developer/msbuild/2003">
  <ItemGroup>
    <Filter Include="ソース ファイル">
      <UniqueIdentifier>{4FC737F1-C7A5-4376-A066-2A32D752A2FF}</UniqueIdentifier>
      <Extensions>cpp;c;cc;cxx;c++;cppm;ixx;def;odl;idl;hpj;bat;asm;asmx</Extensions>
    </Filter>
    <Filter Include="ヘッダー ファイル">
      <UniqueIdentifier>{93995380-89BD-4b04-88EB-625FBE52EBFB}</UniqueIdentifier>
      <Extensions>h;hh;hpp;hxx;h++;hm;inl;inc;ipp;xsd</Extensions>
    </Filter>
    <Filter Include="リソース ファイル">
      <UniqueIdentifier>{67DA6AB6-F800-4c08-8B7A-83BB121AAD01}</UniqueIdentifier>
      <Extensions>rc;ico;cur;bmp;dlg;rc2;rct;bin;rgs;gif;jpg;jpeg;jpe;resx;tiff;tif;png;wav;mfcribbon-ms</Extensions>
    </Filter>
  </ItemGroup>
  <ItemGroup>
    <ClInclude Include="GameUtility\Math\Include\GMVectorUtility.hpp">
      <Filter>ヘッダー ファイル</Filter>
    </ClInclude>
    <ClInclude Include="GameUtility\Math\Include\GMCollision.hpp">
      <Filter>ヘッダー ファイル</Filter>
    </ClInclude>
    <ClInclude Include="GameUtility\Math\Include\GMColor.hpp">
      <Filter>ヘッダー ファイル</Filter>
    </ClInclude>
    <ClInclude Include="GameUtility\Math\Include\GMDistribution.hpp">
      <Filter>ヘッダー ファイル</Filter>
    </ClInclude>
    <ClInclude Include="GameUtility\Math\Include\GMInterpolation.hpp">
      <Filter>ヘッダー ファイル</Filter>
    </ClInclude>
    <ClInclude Include="GameUtility\Math\Include\GMMath.hpp">
      <Filter>ヘッダー ファイル</Filter>
    </ClInclude>
    <ClInclude Include="GameUtility\Math\Include\GMMatrix.hpp">
      <Filter>ヘッダー ファイル</Filter>
    </ClInclude>
    <ClInclude Include="GameUtility\Math\Include\GMQuaternion.hpp">
      <Filter>ヘッダー ファイル</Filter>
    </ClInclude>
    <ClInclude Include="GameUtility\Math\Include\GMQueue.hpp">
      <Filter>ヘッダー ファイル</Filter>
    </ClInclude>
    <ClInclude Include="GameUtility\Math\Include\GMScalar.hpp">
      <Filter>ヘッダー ファイル</Filter>
    </ClInclude>
    <ClInclude Include="GameUtility\Math\Include\GMSearch.hpp">
      <Filter>ヘッダー ファイル</Filter>
    </ClInclude>
    <ClInclude Include="GameUtility\Math\Include\GMSort.hpp">
      <Filter>ヘッダー ファイル</Filter>
    </ClInclude>
    <ClInclude Include="GameUtility\Math\Include\GMTransform.hpp">
      <Filter>ヘッダー ファイル</Filter>
    </ClInclude>
    <ClInclude Include="GameUtility\Math\Include\GMVector.hpp">
      <Filter>ヘッダー ファイル</Filter>
    </ClInclude>
    <ClInclude Include="GraphicsCore\RHI\DirectX12\Core\Include\DirectX12Core.hpp">
      <Filter>ヘッダー ファイル</Filter>
    </ClInclude>
    <ClInclude Include="GameUtility\File\Include\Json.hpp">
      <Filter>ヘッダー ファイル</Filter>
    </ClInclude>
    <ClInclude Include="GameCore\Audio\Private\Include\WavDecoder.hpp">
      <Filter>ヘッダー ファイル</Filter>
    </ClInclude>
    <ClInclude Include="GameUtility\File\Include\FileSystem.hpp">
      <Filter>ヘッダー ファイル</Filter>
    </ClInclude>
    <ClInclude Include="GameCore\Audio\Core\Include\AudioClip.hpp">
      <Filter>ヘッダー ファイル</Filter>
    </ClInclude>
    <ClInclude Include="GameCore\Audio\Core\Include\AudioMaster.hpp">
      <Filter>ヘッダー ファイル</Filter>
    </ClInclude>
    <ClInclude Include="GameCore\Audio\Core\Include\AudioSource.hpp">
      <Filter>ヘッダー ファイル</Filter>
    </ClInclude>
    <ClInclude Include="GameCore\Core\Include\ResourceManager.hpp">
      <Filter>ヘッダー ファイル</Filter>
    </ClInclude>
    <ClInclude Include="GameCore\Audio\Core\Include\AudioSource3D.hpp">
      <Filter>ヘッダー ファイル</Filter>
    </ClInclude>
    <ClInclude Include="GameCore\Input\Include\Mouse.hpp">
      <Filter>ヘッダー ファイル</Filter>
    </ClInclude>
    <ClInclude Include="GameCore\Input\Include\Keyboard.hpp">
      <Filter>ヘッダー ファイル</Filter>
    </ClInclude>
    <ClInclude Include="GameCore\Input\Include\GamePad.hpp">
      <Filter>ヘッダー ファイル</Filter>
    </ClInclude>
    <ClInclude Include="GameCore\Input\Include\GameInput.hpp">
      <Filter>ヘッダー ファイル</Filter>
    </ClInclude>
    <ClInclude Include="GameUtility\Base\Include\GameTimer.hpp">
      <Filter>ヘッダー ファイル</Filter>
    </ClInclude>
    <ClInclude Include="GameUtility\Base\Include\Screen.hpp">
      <Filter>ヘッダー ファイル</Filter>
    </ClInclude>
    <ClInclude Include="GameUtility\Base\Include\HLSLUtility.hpp">
      <Filter>ヘッダー ファイル</Filter>
    </ClInclude>
    <ClInclude Include="GameCore\Core\Include\Camera.hpp">
      <Filter>ヘッダー ファイル</Filter>
    </ClInclude>
    <ClInclude Include="GameUtility\File\Include\UnicodeUtility.hpp">
      <Filter>ヘッダー ファイル</Filter>
    </ClInclude>
    <ClInclude Include="GraphicsCore\RHI\DirectX12\Core\Include\DirectX12Debug.hpp">
      <Filter>ヘッダー ファイル</Filter>
    </ClInclude>
    <ClInclude Include="GraphicsCore\RHI\DirectX12\Core\Include\DirectX12Include.hpp">
      <Filter>ヘッダー ファイル</Filter>
    </ClInclude>
    <ClInclude Include="GraphicsCore\RHI\DirectX12\Core\Include\DirectX12BaseStruct.hpp">
      <Filter>ヘッダー ファイル</Filter>
    </ClInclude>
    <ClInclude Include="GraphicsCore\RHI\DirectX12\Core\Include\DirectX12ResourceAllocator.hpp">
      <Filter>ヘッダー ファイル</Filter>
    </ClInclude>
    <ClInclude Include="GameCore\Core\Include\GameObject.hpp">
      <Filter>ヘッダー ファイル</Filter>
    </ClInclude>
    <ClInclude Include="GameUtility\Base\Include\Memory.hpp">
      <Filter>ヘッダー ファイル</Filter>
    </ClInclude>
    <ClInclude Include="GameUtility\Math\Include\GMTypeDef.hpp">
      <Filter>ヘッダー ファイル</Filter>
    </ClInclude>
    <ClInclude Include="GraphicsCore\RHI\DirectX12\RayTracing\Include\DirectX12RayTracingBLASBuffer.hpp">
      <Filter>ヘッダー ファイル</Filter>
    </ClInclude>
    <ClInclude Include="GraphicsCore\RHI\DirectX12\RayTracing\Include\DirectX12RayTracingTLASBuffer.hpp">
      <Filter>ヘッダー ファイル</Filter>
    </ClInclude>
    <ClInclude Include="GameUtility\File\Include\Csv.hpp">
      <Filter>ヘッダー ファイル</Filter>
    </ClInclude>
    <ClInclude Include="resource.h">
      <Filter>ヘッダー ファイル</Filter>
    </ClInclude>
    <ClInclude Include="MainGame\Core\Include\Application.hpp">
      <Filter>ヘッダー ファイル</Filter>
    </ClInclude>
    <ClInclude Include="MainGame\Core\Include\Scene.hpp">
      <Filter>ヘッダー ファイル</Filter>
    </ClInclude>
    <ClInclude Include="MainGame\Core\Include\TemplateText.hpp">
      <Filter>ヘッダー ファイル</Filter>
    </ClInclude>
    <ClInclude Include="GameCore\Core\Include\GameComponent.hpp">
      <Filter>ヘッダー ファイル</Filter>
    </ClInclude>
    <ClInclude Include="GameCore\Core\Include\GameActor.hpp">
      <Filter>ヘッダー ファイル</Filter>
    </ClInclude>
    <ClInclude Include="GameCore\Rendering\EnvironmentMap\Include\SkyDome.hpp">
      <Filter>ヘッダー ファイル</Filter>
    </ClInclude>
    <ClInclude Include="GameCore\Rendering\Light\Include\LightType.hpp">
      <Filter>ヘッダー ファイル</Filter>
    </ClInclude>
    <ClInclude Include="GameCore\Rendering\UI\Public\Include\UIImage.hpp">
      <Filter>ヘッダー ファイル</Filter>
    </ClInclude>
    <ClInclude Include="GameUtility\Math\Include\GMHash.hpp">
      <Filter>ヘッダー ファイル</Filter>
    </ClInclude>
    <ClInclude Include="MainGame\Sample\Include\SampleSky.hpp">
      <Filter>ヘッダー ファイル</Filter>
    </ClInclude>
    <ClInclude Include="MainGame\Core\Include\SceneManager.hpp">
      <Filter>ヘッダー ファイル</Filter>
    </ClInclude>
    <ClInclude Include="MainGame\Sample\Include\SampleEmpty.hpp">
      <Filter>ヘッダー ファイル</Filter>
    </ClInclude>
    <ClInclude Include="MainGame\Core\Include\GameManager.hpp">
      <Filter>ヘッダー ファイル</Filter>
    </ClInclude>
    <ClInclude Include="GameCore\Rendering\Effect\Include\ColorChange.hpp">
      <Filter>ヘッダー ファイル</Filter>
    </ClInclude>
    <ClInclude Include="GameCore\Rendering\Effect\Include\Blur.hpp">
      <Filter>ヘッダー ファイル</Filter>
    </ClInclude>
    <ClInclude Include="GameCore\Rendering\Effect\Include\DepthOfField.hpp">
      <Filter>ヘッダー ファイル</Filter>
    </ClInclude>
    <ClInclude Include="GameCore\Rendering\Core\BasePass\Include\BasePassGBuffer.hpp">
      <Filter>ヘッダー ファイル</Filter>
    </ClInclude>
    <ClInclude Include="GameCore\Rendering\Core\BasePass\Include\BasePassZPrepass.hpp">
      <Filter>ヘッダー ファイル</Filter>
    </ClInclude>
    <ClInclude Include="GameCore\Rendering\Core\BasePass\Include\BasePassLightCulling.hpp">
      <Filter>ヘッダー ファイル</Filter>
    </ClInclude>
    <ClInclude Include="GameCore\Rendering\Model\External\MMD\Include\PMDParser.hpp">
      <Filter>ヘッダー ファイル</Filter>
    </ClInclude>
    <ClInclude Include="GameCore\Rendering\Model\External\MMD\Include\PMXParser.hpp">
      <Filter>ヘッダー ファイル</Filter>
    </ClInclude>
    <ClInclude Include="GameCore\Rendering\Model\External\MMD\Include\VMDParser.hpp">
      <Filter>ヘッダー ファイル</Filter>
    </ClInclude>
    <ClInclude Include="GameCore\Rendering\Model\External\OBJ\Include\OBJParser.hpp">
      <Filter>ヘッダー ファイル</Filter>
    </ClInclude>
    <ClInclude Include="GameCore\Rendering\Model\External\OBJ\Include\OBJUtils.hpp">
      <Filter>ヘッダー ファイル</Filter>
    </ClInclude>
    <ClInclude Include="GameCore\Rendering\Light\External\Include\IESProfiler.hpp">
      <Filter>ヘッダー ファイル</Filter>
    </ClInclude>
    <ClInclude Include="GameUtility\File\External\rapidjson\error\en.h">
      <Filter>ヘッダー ファイル</Filter>
    </ClInclude>
    <ClInclude Include="GameUtility\File\External\rapidjson\error\error.h">
      <Filter>ヘッダー ファイル</Filter>
    </ClInclude>
    <ClInclude Include="GameUtility\File\External\rapidjson\internal\biginteger.h">
      <Filter>ヘッダー ファイル</Filter>
    </ClInclude>
    <ClInclude Include="GameUtility\File\External\rapidjson\internal\clzll.h">
      <Filter>ヘッダー ファイル</Filter>
    </ClInclude>
    <ClInclude Include="GameUtility\File\External\rapidjson\internal\diyfp.h">
      <Filter>ヘッダー ファイル</Filter>
    </ClInclude>
    <ClInclude Include="GameUtility\File\External\rapidjson\internal\dtoa.h">
      <Filter>ヘッダー ファイル</Filter>
    </ClInclude>
    <ClInclude Include="GameUtility\File\External\rapidjson\internal\ieee754.h">
      <Filter>ヘッダー ファイル</Filter>
    </ClInclude>
    <ClInclude Include="GameUtility\File\External\rapidjson\internal\itoa.h">
      <Filter>ヘッダー ファイル</Filter>
    </ClInclude>
    <ClInclude Include="GameUtility\File\External\rapidjson\internal\meta.h">
      <Filter>ヘッダー ファイル</Filter>
    </ClInclude>
    <ClInclude Include="GameUtility\File\External\rapidjson\internal\pow10.h">
      <Filter>ヘッダー ファイル</Filter>
    </ClInclude>
    <ClInclude Include="GameUtility\File\External\rapidjson\internal\regex.h">
      <Filter>ヘッダー ファイル</Filter>
    </ClInclude>
    <ClInclude Include="GameUtility\File\External\rapidjson\internal\stack.h">
      <Filter>ヘッダー ファイル</Filter>
    </ClInclude>
    <ClInclude Include="GameUtility\File\External\rapidjson\internal\strfunc.h">
      <Filter>ヘッダー ファイル</Filter>
    </ClInclude>
    <ClInclude Include="GameUtility\File\External\rapidjson\internal\strtod.h">
      <Filter>ヘッダー ファイル</Filter>
    </ClInclude>
    <ClInclude Include="GameUtility\File\External\rapidjson\internal\swap.h">
      <Filter>ヘッダー ファイル</Filter>
    </ClInclude>
    <ClInclude Include="GameUtility\File\External\rapidjson\msinttypes\inttypes.h">
      <Filter>ヘッダー ファイル</Filter>
    </ClInclude>
    <ClInclude Include="GameUtility\File\External\rapidjson\msinttypes\stdint.h">
      <Filter>ヘッダー ファイル</Filter>
    </ClInclude>
    <ClInclude Include="GameUtility\File\External\rapidjson\allocators.h">
      <Filter>ヘッダー ファイル</Filter>
    </ClInclude>
    <ClInclude Include="GameUtility\File\External\rapidjson\cursorstreamwrapper.h">
      <Filter>ヘッダー ファイル</Filter>
    </ClInclude>
    <ClInclude Include="GameUtility\File\External\rapidjson\document.h">
      <Filter>ヘッダー ファイル</Filter>
    </ClInclude>
    <ClInclude Include="GameUtility\File\External\rapidjson\encodedstream.h">
      <Filter>ヘッダー ファイル</Filter>
    </ClInclude>
    <ClInclude Include="GameUtility\File\External\rapidjson\encodings.h">
      <Filter>ヘッダー ファイル</Filter>
    </ClInclude>
    <ClInclude Include="GameUtility\File\External\rapidjson\filereadstream.h">
      <Filter>ヘッダー ファイル</Filter>
    </ClInclude>
    <ClInclude Include="GameUtility\File\External\rapidjson\filewritestream.h">
      <Filter>ヘッダー ファイル</Filter>
    </ClInclude>
    <ClInclude Include="GameUtility\File\External\rapidjson\fwd.h">
      <Filter>ヘッダー ファイル</Filter>
    </ClInclude>
    <ClInclude Include="GameUtility\File\External\rapidjson\istreamwrapper.h">
      <Filter>ヘッダー ファイル</Filter>
    </ClInclude>
    <ClInclude Include="GameUtility\File\External\rapidjson\memorybuffer.h">
      <Filter>ヘッダー ファイル</Filter>
    </ClInclude>
    <ClInclude Include="GameUtility\File\External\rapidjson\memorystream.h">
      <Filter>ヘッダー ファイル</Filter>
    </ClInclude>
    <ClInclude Include="GameUtility\File\External\rapidjson\ostreamwrapper.h">
      <Filter>ヘッダー ファイル</Filter>
    </ClInclude>
    <ClInclude Include="GameUtility\File\External\rapidjson\pointer.h">
      <Filter>ヘッダー ファイル</Filter>
    </ClInclude>
    <ClInclude Include="GameUtility\File\External\rapidjson\prettywriter.h">
      <Filter>ヘッダー ファイル</Filter>
    </ClInclude>
    <ClInclude Include="GameUtility\File\External\rapidjson\rapidjson.h">
      <Filter>ヘッダー ファイル</Filter>
    </ClInclude>
    <ClInclude Include="GameUtility\File\External\rapidjson\reader.h">
      <Filter>ヘッダー ファイル</Filter>
    </ClInclude>
    <ClInclude Include="GameUtility\File\External\rapidjson\schema.h">
      <Filter>ヘッダー ファイル</Filter>
    </ClInclude>
    <ClInclude Include="GameUtility\File\External\rapidjson\stream.h">
      <Filter>ヘッダー ファイル</Filter>
    </ClInclude>
    <ClInclude Include="GameUtility\File\External\rapidjson\stringbuffer.h">
      <Filter>ヘッダー ファイル</Filter>
    </ClInclude>
    <ClInclude Include="GameUtility\File\External\rapidjson\uri.h">
      <Filter>ヘッダー ファイル</Filter>
    </ClInclude>
    <ClInclude Include="GameUtility\File\External\rapidjson\writer.h">
      <Filter>ヘッダー ファイル</Filter>
    </ClInclude>
    <ClInclude Include="GameCore\Rendering\Model\External\GLTF\Public\Include\GLTFParser.hpp">
      <Filter>ヘッダー ファイル</Filter>
    </ClInclude>
    <ClInclude Include="GameCore\Rendering\Model\External\GLTF\Private\Include\GLTFAsset.hpp">
      <Filter>ヘッダー ファイル</Filter>
    </ClInclude>
    <ClInclude Include="GameCore\Rendering\Model\External\GLTF\Private\Include\GLTFConstants.hpp">
      <Filter>ヘッダー ファイル</Filter>
    </ClInclude>
    <ClInclude Include="GameCore\Rendering\Model\External\GLTF\Private\Include\GLTFExtension.hpp">
      <Filter>ヘッダー ファイル</Filter>
    </ClInclude>
    <ClInclude Include="GameCore\Rendering\Model\External\GLTF\Private\Include\GLTFExceptions.hpp">
      <Filter>ヘッダー ファイル</Filter>
    </ClInclude>
    <ClInclude Include="GameCore\Rendering\Model\External\GLTF\Private\Include\GLTFProperty.hpp">
      <Filter>ヘッダー ファイル</Filter>
    </ClInclude>
    <ClInclude Include="GameCore\Rendering\Model\External\GLTF\Private\Include\GLTFOptional.hpp">
      <Filter>ヘッダー ファイル</Filter>
    </ClInclude>
    <ClInclude Include="GameCore\Rendering\Model\External\GLTF\Private\Include\GLTFIndexedContainer.hpp">
      <Filter>ヘッダー ファイル</Filter>
    </ClInclude>
    <ClInclude Include="GameCore\Rendering\Model\External\GLTF\Public\Include\GLTFDocument.hpp">
      <Filter>ヘッダー ファイル</Filter>
    </ClInclude>
    <ClInclude Include="GameCore\Rendering\Model\External\GLTF\Public\Include\GLTFDeserialize.hpp">
      <Filter>ヘッダー ファイル</Filter>
    </ClInclude>
    <ClInclude Include="GameCore\Rendering\Model\External\GLTF\Public\Include\GLTFSerialize.hpp">
      <Filter>ヘッダー ファイル</Filter>
    </ClInclude>
    <ClInclude Include="GameCore\Rendering\Model\External\GLTF\Private\Include\GLTFRapidJsonUtils.hpp">
      <Filter>ヘッダー ファイル</Filter>
    </ClInclude>
    <ClInclude Include="GameCore\Rendering\Model\External\GLTF\Private\Include\GLTFExtensionHandlers.hpp">
      <Filter>ヘッダー ファイル</Filter>
    </ClInclude>
    <ClInclude Include="GameCore\Rendering\Model\External\GLTF\Private\Include\GLTFSchema.hpp">
      <Filter>ヘッダー ファイル</Filter>
    </ClInclude>
    <ClInclude Include="GameCore\Rendering\Model\External\GLTF\Private\Include\GLTFSchemaValidation.hpp">
      <Filter>ヘッダー ファイル</Filter>
    </ClInclude>
    <ClInclude Include="GameCore\Rendering\Model\External\GLTF\Private\Include\GLTFSchemaJson.hpp">
      <Filter>ヘッダー ファイル</Filter>
    </ClInclude>
    <ClInclude Include="GameCore\Rendering\Model\External\GLTF\Private\Include\GLTFAnimationUtils.hpp">
      <Filter>ヘッダー ファイル</Filter>
    </ClInclude>
    <ClInclude Include="GameCore\Rendering\Model\External\GLTF\Private\Include\GLTFIStreamReader.hpp">
      <Filter>ヘッダー ファイル</Filter>
    </ClInclude>
    <ClInclude Include="GameCore\Rendering\Model\External\GLTF\Private\Include\GLTFIStreamWriter.hpp">
      <Filter>ヘッダー ファイル</Filter>
    </ClInclude>
    <ClInclude Include="GameCore\Rendering\Model\External\GLTF\Private\Include\GLTFIStreamCache.hpp">
      <Filter>ヘッダー ファイル</Filter>
    </ClInclude>
    <ClInclude Include="GameCore\Rendering\Model\External\GLTF\Private\Include\GLTFStreamCache.hpp">
      <Filter>ヘッダー ファイル</Filter>
    </ClInclude>
    <ClInclude Include="GameCore\Rendering\Model\External\GLTF\Private\Include\GLTFStreamCacheLRU.hpp">
      <Filter>ヘッダー ファイル</Filter>
    </ClInclude>
    <ClInclude Include="GameCore\Rendering\Model\External\GLTF\Private\Include\GLTFStreamUtils.hpp">
      <Filter>ヘッダー ファイル</Filter>
    </ClInclude>
    <ClInclude Include="GameCore\Rendering\Model\External\GLTF\Private\Include\GLTFValidation.hpp">
      <Filter>ヘッダー ファイル</Filter>
    </ClInclude>
    <ClInclude Include="GameCore\Rendering\Model\External\GLTF\Private\Include\GLTFMeshPrimitiveUtils.hpp">
      <Filter>ヘッダー ファイル</Filter>
    </ClInclude>
    <ClInclude Include="GameCore\Rendering\Model\External\GLTF\Private\Include\GLTFBufferBuilder.hpp">
      <Filter>ヘッダー ファイル</Filter>
    </ClInclude>
    <ClInclude Include="GameCore\Rendering\Model\External\GLTF\Private\Include\ResourceWriter.hpp">
      <Filter>ヘッダー ファイル</Filter>
    </ClInclude>
    <ClInclude Include="GameCore\Rendering\Model\External\GLTF\Public\Include\GLTFResourceReader.hpp">
      <Filter>ヘッダー ファイル</Filter>
    </ClInclude>
    <ClInclude Include="GameCore\Rendering\Model\External\GLTF\Private\Include\GLTFResourceReaderUtils.hpp">
      <Filter>ヘッダー ファイル</Filter>
    </ClInclude>
    <ClInclude Include="GameCore\Rendering\Model\External\GLTF\Public\Include\GLTFResourceWriter.hpp">
      <Filter>ヘッダー ファイル</Filter>
    </ClInclude>
    <ClInclude Include="GameCore\Rendering\Model\External\GLTF\Private\Include\GLTFColor.hpp">
      <Filter>ヘッダー ファイル</Filter>
    </ClInclude>
    <ClInclude Include="GameCore\Rendering\UI\Public\Include\UIRenderer.hpp">
      <Filter>ヘッダー ファイル</Filter>
    </ClInclude>
    <ClInclude Include="MainGame\Sample\Include\SampleTexture.hpp">
      <Filter>ヘッダー ファイル</Filter>
    </ClInclude>
    <ClInclude Include="GameCore\Rendering\Model\Include\Mesh.hpp">
      <Filter>ヘッダー ファイル</Filter>
    </ClInclude>
    <ClInclude Include="GameCore\Rendering\Model\Include\Material.hpp">
      <Filter>ヘッダー ファイル</Filter>
    </ClInclude>
    <ClInclude Include="GameCore\Rendering\Core\Renderer\Include\RenderPipeline.hpp">
      <Filter>ヘッダー ファイル</Filter>
    </ClInclude>
    <ClInclude Include="GameCore\Rendering\Model\Include\GameModel.hpp">
      <Filter>ヘッダー ファイル</Filter>
    </ClInclude>
    <ClInclude Include="GameCore\Rendering\Model\Include\MaterialType.hpp">
      <Filter>ヘッダー ファイル</Filter>
    </ClInclude>
    <ClInclude Include="GameCore\Rendering\Model\Include\GameModelConverter.hpp">
      <Filter>ヘッダー ファイル</Filter>
    </ClInclude>
    <ClInclude Include="GraphicsCore\RHI\InterfaceCore\Core\Include\RHICommonState.hpp">
      <Filter>ヘッダー ファイル</Filter>
    </ClInclude>
    <ClInclude Include="GraphicsCore\RHI\InterfaceCore\Core\Include\RHIDevice.hpp">
      <Filter>ヘッダー ファイル</Filter>
    </ClInclude>
    <ClInclude Include="GraphicsCore\RHI\InterfaceCore\Core\Include\RHICommandList.hpp">
      <Filter>ヘッダー ファイル</Filter>
    </ClInclude>
    <ClInclude Include="GraphicsCore\RHI\Vulkan\Core\Include\VulkanCommandList.hpp">
      <Filter>ヘッダー ファイル</Filter>
    </ClInclude>
    <ClInclude Include="GameUtility\Base\Include\ClassUtility.hpp">
      <Filter>ヘッダー ファイル</Filter>
    </ClInclude>
    <ClInclude Include="GraphicsCore\RHI\InterfaceCore\Core\Include\RHIFence.hpp">
      <Filter>ヘッダー ファイル</Filter>
    </ClInclude>
    <ClInclude Include="GraphicsCore\RHI\DirectX12\Core\Include\DirectX12Device.hpp">
      <Filter>ヘッダー ファイル</Filter>
    </ClInclude>
    <ClInclude Include="GraphicsCore\RHI\Vulkan\Core\Include\VulkanDevice.hpp">
      <Filter>ヘッダー ファイル</Filter>
    </ClInclude>
    <ClInclude Include="GraphicsCore\RHI\DirectX12\Core\Include\DirectX12Fence.hpp">
      <Filter>ヘッダー ファイル</Filter>
    </ClInclude>
    <ClInclude Include="GraphicsCore\RHI\InterfaceCore\Core\Include\RHICommandQueue.hpp">
      <Filter>ヘッダー ファイル</Filter>
    </ClInclude>
    <ClInclude Include="GraphicsCore\RHI\DirectX12\Core\Include\DirectX12CommandQueue.hpp">
      <Filter>ヘッダー ファイル</Filter>
    </ClInclude>
    <ClInclude Include="GraphicsCore\RHI\Vulkan\Core\Include\VulkanFence.hpp">
      <Filter>ヘッダー ファイル</Filter>
    </ClInclude>
    <ClInclude Include="GraphicsCore\RHI\Vulkan\Core\Include\VulkanCommandQueue.hpp">
      <Filter>ヘッダー ファイル</Filter>
    </ClInclude>
    <ClInclude Include="GraphicsCore\RHI\InterfaceCore\Core\Include\RHICommandAllocator.hpp">
      <Filter>ヘッダー ファイル</Filter>
    </ClInclude>
    <ClInclude Include="GraphicsCore\RHI\DirectX12\Core\Include\DirectX12CommandAllocator.hpp">
      <Filter>ヘッダー ファイル</Filter>
    </ClInclude>
    <ClInclude Include="GraphicsCore\RHI\DirectX12\Core\Include\DirectX12CommandList.hpp">
      <Filter>ヘッダー ファイル</Filter>
    </ClInclude>
    <ClInclude Include="GraphicsCore\RHI\InterfaceCore\Core\Include\RHISwapchain.hpp">
      <Filter>ヘッダー ファイル</Filter>
    </ClInclude>
    <ClInclude Include="GraphicsCore\RHI\DirectX12\Core\Include\DirectX12Swapchain.hpp">
      <Filter>ヘッダー ファイル</Filter>
    </ClInclude>
    <ClInclude Include="GraphicsCore\RHI\Vulkan\Core\Include\VulkanCommandAllocator.hpp">
      <Filter>ヘッダー ファイル</Filter>
    </ClInclude>
    <ClInclude Include="GraphicsCore\RHI\Vulkan\Core\Include\VulkanSwapchain.hpp">
      <Filter>ヘッダー ファイル</Filter>
    </ClInclude>
    <ClInclude Include="GraphicsCore\Engine\Include\LowLevelGraphicsEngine.hpp">
      <Filter>ヘッダー ファイル</Filter>
    </ClInclude>
    <ClInclude Include="GraphicsCore\RHI\InterfaceCore\PipelineState\Include\GPUPipelineState.hpp">
      <Filter>ヘッダー ファイル</Filter>
    </ClInclude>
    <ClInclude Include="GraphicsCore\RHI\InterfaceCore\PipelineState\Include\GPUBlendState.hpp">
      <Filter>ヘッダー ファイル</Filter>
    </ClInclude>
    <ClInclude Include="GraphicsCore\RHI\DirectX12\PipelineState\Include\DirectX12GPUBlendState.hpp">
      <Filter>ヘッダー ファイル</Filter>
    </ClInclude>
    <ClInclude Include="GraphicsCore\RHI\DirectX12\Core\Include\DirectX12EnumConverter.hpp">
      <Filter>ヘッダー ファイル</Filter>
    </ClInclude>
    <ClInclude Include="GraphicsCore\RHI\Vulkan\Core\Include\VulkanEnumConverter.hpp">
      <Filter>ヘッダー ファイル</Filter>
    </ClInclude>
    <ClInclude Include="GraphicsCore\RHI\Vulkan\PipelineState\Include\VulkanGPUBlendState.hpp">
      <Filter>ヘッダー ファイル</Filter>
    </ClInclude>
    <ClInclude Include="GraphicsCore\RHI\InterfaceCore\PipelineState\Include\GPURasterizerState.hpp">
      <Filter>ヘッダー ファイル</Filter>
    </ClInclude>
    <ClInclude Include="GraphicsCore\RHI\DirectX12\PipelineState\Include\DirectX12GPURasterizerState.hpp">
      <Filter>ヘッダー ファイル</Filter>
    </ClInclude>
    <ClInclude Include="GraphicsCore\RHI\Vulkan\PipelineState\Include\VulkanGPURasterizerState.hpp">
      <Filter>ヘッダー ファイル</Filter>
    </ClInclude>
    <ClInclude Include="GraphicsCore\RHI\InterfaceCore\PipelineState\Include\GPUDepthStencilState.hpp">
      <Filter>ヘッダー ファイル</Filter>
    </ClInclude>
    <ClInclude Include="GraphicsCore\RHI\DirectX12\PipelineState\Include\DirectX12GPUDepthStencilState.hpp">
      <Filter>ヘッダー ファイル</Filter>
    </ClInclude>
    <ClInclude Include="GraphicsCore\RHI\Vulkan\PipelineState\Include\VulkanGPUDepthStencilState.hpp">
      <Filter>ヘッダー ファイル</Filter>
    </ClInclude>
    <ClInclude Include="GraphicsCore\RHI\InterfaceCore\PipelineState\Include\GPUInputAssemblyState.hpp">
      <Filter>ヘッダー ファイル</Filter>
    </ClInclude>
    <ClInclude Include="GraphicsCore\RHI\DirectX12\PipelineState\Include\DirectX12GPUInputAssemblyState.hpp">
      <Filter>ヘッダー ファイル</Filter>
    </ClInclude>
    <ClInclude Include="GraphicsCore\RHI\Vulkan\PipelineState\Include\VulkanGPUInputAssemblyState.hpp">
      <Filter>ヘッダー ファイル</Filter>
    </ClInclude>
    <ClInclude Include="GraphicsCore\RHI\InterfaceCore\PipelineState\Include\GPUState.hpp">
      <Filter>ヘッダー ファイル</Filter>
    </ClInclude>
    <ClInclude Include="GraphicsCore\RHI\InterfaceCore\PipelineState\Include\GPUShaderState.hpp">
      <Filter>ヘッダー ファイル</Filter>
    </ClInclude>
    <ClInclude Include="GraphicsCore\RHI\DirectX12\PipelineState\Include\DirectX12GPUShaderState.hpp">
      <Filter>ヘッダー ファイル</Filter>
    </ClInclude>
    <ClInclude Include="GraphicsCore\RHI\Vulkan\PipelineState\Include\VulkanGPUShaderState.hpp">
      <Filter>ヘッダー ファイル</Filter>
    </ClInclude>
    <ClInclude Include="GraphicsCore\RHI\InterfaceCore\PipelineState\Include\GPUPipelineFactory.hpp">
      <Filter>ヘッダー ファイル</Filter>
    </ClInclude>
    <ClInclude Include="GraphicsCore\RHI\DirectX12\PipelineState\Include\DirectX12GPUPipelineFactory.hpp">
      <Filter>ヘッダー ファイル</Filter>
    </ClInclude>
    <ClInclude Include="GraphicsCore\RHI\Vulkan\PipelineState\Include\VulkanGPUPipelineFactory.hpp">
      <Filter>ヘッダー ファイル</Filter>
    </ClInclude>
    <ClInclude Include="GraphicsCore\RHI\InterfaceCore\Core\Include\RHIRenderPass.hpp">
      <Filter>ヘッダー ファイル</Filter>
    </ClInclude>
    <ClInclude Include="GraphicsCore\RHI\InterfaceCore\Core\Include\RHIFrameBuffer.hpp">
      <Filter>ヘッダー ファイル</Filter>
    </ClInclude>
    <ClInclude Include="GraphicsCore\RHI\InterfaceCore\Resource\Include\GPUResource.hpp">
      <Filter>ヘッダー ファイル</Filter>
    </ClInclude>
    <ClInclude Include="GraphicsCore\RHI\InterfaceCore\Resource\Include\GPUBuffer.hpp">
      <Filter>ヘッダー ファイル</Filter>
    </ClInclude>
    <ClInclude Include="GraphicsCore\RHI\DirectX12\Resource\Include\DirectX12GPUBuffer.hpp">
      <Filter>ヘッダー ファイル</Filter>
    </ClInclude>
    <ClInclude Include="GraphicsCore\RHI\InterfaceCore\Core\Include\RHIDescriptorHeap.hpp">
      <Filter>ヘッダー ファイル</Filter>
    </ClInclude>
    <ClInclude Include="GraphicsCore\RHI\DirectX12\Core\Include\DirectX12DescriptorHeap.hpp">
      <Filter>ヘッダー ファイル</Filter>
    </ClInclude>
    <ClInclude Include="GraphicsCore\RHI\InterfaceCore\Core\Include\RHIResourceLayout.hpp">
      <Filter>ヘッダー ファイル</Filter>
    </ClInclude>
    <ClInclude Include="GraphicsCore\RHI\Vulkan\Core\Include\VulkanDescriptorHeap.hpp">
      <Filter>ヘッダー ファイル</Filter>
    </ClInclude>
    <ClInclude Include="GraphicsCore\RHI\InterfaceCore\Resource\Include\GPUSampler.hpp">
      <Filter>ヘッダー ファイル</Filter>
    </ClInclude>
    <ClInclude Include="GraphicsCore\RHI\DirectX12\Resource\Include\DirectX12GPUSampler.hpp">
      <Filter>ヘッダー ファイル</Filter>
    </ClInclude>
    <ClInclude Include="GraphicsCore\RHI\Vulkan\Resource\Include\VulkanGPUSampler.hpp">
      <Filter>ヘッダー ファイル</Filter>
    </ClInclude>
    <ClInclude Include="GraphicsCore\RHI\DirectX12\Core\Include\DirectX12FrameBuffer.hpp">
      <Filter>ヘッダー ファイル</Filter>
    </ClInclude>
    <ClInclude Include="GraphicsCore\RHI\InterfaceCore\Resource\Include\GPUTexture.hpp">
      <Filter>ヘッダー ファイル</Filter>
    </ClInclude>
    <ClInclude Include="GraphicsCore\RHI\DirectX12\Resource\Include\DirectX12GPUTexture.hpp">
      <Filter>ヘッダー ファイル</Filter>
    </ClInclude>
    <ClInclude Include="GraphicsCore\RHI\Vulkan\Resource\Include\VulkanGPUTexture.hpp">
      <Filter>ヘッダー ファイル</Filter>
    </ClInclude>
    <ClInclude Include="GraphicsCore\RHI\DirectX12\Core\Include\DirectX12RenderPass.hpp">
      <Filter>ヘッダー ファイル</Filter>
    </ClInclude>
    <ClInclude Include="GraphicsCore\RHI\Vulkan\Core\Include\VulkanRenderPass.hpp">
      <Filter>ヘッダー ファイル</Filter>
    </ClInclude>
    <ClInclude Include="GraphicsCore\RHI\Vulkan\Core\Include\VulkanFrameBuffer.hpp">
      <Filter>ヘッダー ファイル</Filter>
    </ClInclude>
    <ClInclude Include="GraphicsCore\RHI\Vulkan\Resource\Include\VulkanGPUBuffer.hpp">
      <Filter>ヘッダー ファイル</Filter>
    </ClInclude>
    <ClInclude Include="GraphicsCore\RHI\InterfaceCore\Core\Include\RHIResourceLayoutElement.hpp">
      <Filter>ヘッダー ファイル</Filter>
    </ClInclude>
    <ClInclude Include="GraphicsCore\RHI\DirectX12\Core\Include\DirectX12ResourceLayout.hpp">
      <Filter>ヘッダー ファイル</Filter>
    </ClInclude>
    <ClInclude Include="GraphicsCore\RHI\Vulkan\Core\Include\VulkanResourceLayout.hpp">
      <Filter>ヘッダー ファイル</Filter>
    </ClInclude>
    <ClInclude Include="GraphicsCore\RHI\DirectX12\PipelineState\Include\DirectX12GPUPipelineState.hpp">
      <Filter>ヘッダー ファイル</Filter>
    </ClInclude>
    <ClInclude Include="GraphicsCore\RHI\Vulkan\PipelineState\Include\VulkanGPUPipelineState.hpp">
      <Filter>ヘッダー ファイル</Filter>
    </ClInclude>
    <ClInclude Include="GraphicsCore\RHI\InterfaceCore\Core\Include\RHIInstance.hpp">
      <Filter>ヘッダー ファイル</Filter>
    </ClInclude>
    <ClInclude Include="GraphicsCore\RHI\DirectX12\Core\Include\DirectX12Instance.hpp">
      <Filter>ヘッダー ファイル</Filter>
    </ClInclude>
    <ClInclude Include="GraphicsCore\RHI\Vulkan\Core\Include\VulkanInstance.hpp">
      <Filter>ヘッダー ファイル</Filter>
    </ClInclude>
    <ClInclude Include="GraphicsCore\RHI\InterfaceCore\Core\Include\RHIAdapter.hpp">
      <Filter>ヘッダー ファイル</Filter>
    </ClInclude>
    <ClInclude Include="GraphicsCore\RHI\DirectX12\Core\Include\DirectX12Adapter.hpp">
      <Filter>ヘッダー ファイル</Filter>
    </ClInclude>
    <ClInclude Include="GraphicsCore\RHI\Vulkan\Core\Include\VulkanAdapter.hpp">
      <Filter>ヘッダー ファイル</Filter>
    </ClInclude>
    <ClInclude Include="GraphicsCore\RHI\InterfaceCore\Core\Include\RHIMemory.hpp">
      <Filter>ヘッダー ファイル</Filter>
    </ClInclude>
    <ClInclude Include="GraphicsCore\RHI\DirectX12\Core\Include\DirectX12Memory.hpp">
      <Filter>ヘッダー ファイル</Filter>
    </ClInclude>
    <ClInclude Include="GraphicsCore\RHI\InterfaceCore\Resource\Include\GPUResourceView.hpp">
      <Filter>ヘッダー ファイル</Filter>
    </ClInclude>
    <ClInclude Include="GraphicsCore\RHI\DirectX12\Resource\Include\DirectX12GPUResourceView.hpp">
      <Filter>ヘッダー ファイル</Filter>
    </ClInclude>
    <ClInclude Include="GraphicsCore\RHI\Vulkan\Resource\Include\VulkanGPUResourceView.hpp">
      <Filter>ヘッダー ファイル</Filter>
    </ClInclude>
    <ClInclude Include="GameUtility\Base\Include\ValueRange.hpp">
      <Filter>ヘッダー ファイル</Filter>
    </ClInclude>
    <ClInclude Include="GraphicsCore\RHI\Vulkan\Core\Include\VulkanResourceAllocator.hpp">
      <Filter>ヘッダー ファイル</Filter>
    </ClInclude>
    <ClInclude Include="MainGame\Sample\Include\SampleRectangle.hpp">
      <Filter>ヘッダー ファイル</Filter>
    </ClInclude>
    <ClInclude Include="GameUtility\Math\Include\GMVertex.hpp">
      <Filter>ヘッダー ファイル</Filter>
    </ClInclude>
    <ClInclude Include="GameCore\Rendering\Model\Include\PrimitiveMesh.hpp">
      <Filter>ヘッダー ファイル</Filter>
    </ClInclude>
    <ClInclude Include="GraphicsCore\RHI\InterfaceCore\Resource\Include\GPUResourceCache.hpp">
      <Filter>ヘッダー ファイル</Filter>
    </ClInclude>
    <ClInclude Include="MainGame\Sample\Include\SampleColorChange.hpp">
      <Filter>ヘッダー ファイル</Filter>
    </ClInclude>
    <ClInclude Include="GameCore\Rendering\Effect\Include\Bloom.hpp">
      <Filter>ヘッダー ファイル</Filter>
    </ClInclude>
    <ClInclude Include="MainGame\Sample\Include\SampleRayTracingRectangle.hpp">
      <Filter>ヘッダー ファイル</Filter>
    </ClInclude>
    <ClInclude Include="GraphicsCore\RHI\InterfaceCore\RayTracing\Include\RayTracingGeometry.hpp">
      <Filter>ヘッダー ファイル</Filter>
    </ClInclude>
    <ClInclude Include="GraphicsCore\RHI\DirectX12\RayTracing\Include\DirectX12RayTracingGeometry.hpp">
      <Filter>ヘッダー ファイル</Filter>
    </ClInclude>
    <ClInclude Include="GraphicsCore\RHI\Vulkan\RayTracing\Include\VulkanRayTracingGeometry.hpp">
      <Filter>ヘッダー ファイル</Filter>
    </ClInclude>
    <ClInclude Include="GraphicsCore\RHI\InterfaceCore\RayTracing\Include\RayTracingBLASBuffer.hpp">
      <Filter>ヘッダー ファイル</Filter>
    </ClInclude>
    <ClInclude Include="GraphicsCore\RHI\InterfaceCore\RayTracing\Include\RayTracingTLASBuffer.hpp">
      <Filter>ヘッダー ファイル</Filter>
    </ClInclude>
    <ClInclude Include="GraphicsCore\RHI\InterfaceCore\RayTracing\Include\RayTracingASInstance.hpp">
      <Filter>ヘッダー ファイル</Filter>
    </ClInclude>
    <ClInclude Include="GraphicsCore\RHI\DirectX12\RayTracing\Include\DirectX12RayTracingASInstance.hpp">
      <Filter>ヘッダー ファイル</Filter>
    </ClInclude>
    <ClInclude Include="GraphicsCore\RHI\Vulkan\RayTracing\Include\VulkanRayTracingASInstance.hpp">
      <Filter>ヘッダー ファイル</Filter>
    </ClInclude>
    <ClInclude Include="GraphicsCore\RHI\Vulkan\RayTracing\Include\VulkanRayTracingBLASBuffer.hpp">
      <Filter>ヘッダー ファイル</Filter>
    </ClInclude>
    <ClInclude Include="GraphicsCore\RHI\Vulkan\RayTracing\Include\VulkanRayTracingTLASBuffer.hpp">
      <Filter>ヘッダー ファイル</Filter>
    </ClInclude>
    <ClInclude Include="GameCore\Network\Public\Include\ITransport.hpp">
      <Filter>ヘッダー ファイル</Filter>
    </ClInclude>
    <ClInclude Include="GameCore\Network\Public\Include\TransportTCP.hpp">
      <Filter>ヘッダー ファイル</Filter>
    </ClInclude>
    <ClInclude Include="GameCore\Network\Public\Include\Socket.hpp">
      <Filter>ヘッダー ファイル</Filter>
    </ClInclude>
    <ClInclude Include="GameCore\Network\Private\Include\NetworkErrorCode.hpp">
      <Filter>ヘッダー ファイル</Filter>
    </ClInclude>
    <ClInclude Include="GameCore\Network\Public\Include\IPAddress.hpp">
      <Filter>ヘッダー ファイル</Filter>
    </ClInclude>
    <ClInclude Include="GameCore\Network\Private\Include\NetworkDefine.hpp">
      <Filter>ヘッダー ファイル</Filter>
    </ClInclude>
    <ClInclude Include="GameCore\Network\Private\Include\Serializer.hpp">
      <Filter>ヘッダー ファイル</Filter>
    </ClInclude>
    <ClInclude Include="GameCore\Network\Private\Include\MemoryStream.hpp">
      <Filter>ヘッダー ファイル</Filter>
    </ClInclude>
    <ClInclude Include="GameUtility\File\Include\BitConverter.hpp">
      <Filter>ヘッダー ファイル</Filter>
    </ClInclude>
    <ClInclude Include="GameUtility\Math\Include\GMSimdMath.hpp">
      <Filter>ヘッダー ファイル</Filter>
    </ClInclude>
    <ClInclude Include="GameCore\Network\Private\Include\PacketQueue.hpp">
      <Filter>ヘッダー ファイル</Filter>
    </ClInclude>
    <ClInclude Include="GameCore\Rendering\UI\Public\Include\UIText.hpp">
      <Filter>ヘッダー ファイル</Filter>
    </ClInclude>
    <ClInclude Include="GameCore\Rendering\UI\Public\Include\UIFont.hpp">
      <Filter>ヘッダー ファイル</Filter>
    </ClInclude>
    <ClInclude Include="MainGame\Sample\Include\SampleText.hpp">
      <Filter>ヘッダー ファイル</Filter>
    </ClInclude>
    <ClInclude Include="GameCore\Audio\Core\Include\AudioClipCache.hpp">
      <Filter>ヘッダー ファイル</Filter>
    </ClInclude>
    <ClInclude Include="GameCore\Audio\Effect\Include\AudioFader.hpp">
      <Filter>ヘッダー ファイル</Filter>
    </ClInclude>
    <ClInclude Include="GameCore\Audio\Effect\Source\AudioFader.cpp">
      <Filter>ヘッダー ファイル</Filter>
    </ClInclude>
    <ClInclude Include="MainGame\Sample\Include\SampleAudio.hpp">
      <Filter>ヘッダー ファイル</Filter>
    </ClInclude>
    <ClInclude Include="GameCore\Audio\Core\Include\AudioSubmix.hpp">
      <Filter>ヘッダー ファイル</Filter>
    </ClInclude>
    <ClInclude Include="GameCore\Audio\Effect\Include\AudioIEffect.hpp">
      <Filter>ヘッダー ファイル</Filter>
    </ClInclude>
    <ClInclude Include="GameCore\Rendering\UI\Public\Include\UIButton.hpp">
      <Filter>ヘッダー ファイル</Filter>
    </ClInclude>
    <ClInclude Include="MainGame\Sample\Include\SampleUI.hpp">
      <Filter>ヘッダー ファイル</Filter>
    </ClInclude>
    <ClInclude Include="GameCore\Rendering\UI\Public\Include\UISlider.hpp">
      <Filter>ヘッダー ファイル</Filter>
    </ClInclude>
    <ClInclude Include="PhysicsCore\Core\Public\Include\PhysicsScene.hpp">
      <Filter>ヘッダー ファイル</Filter>
    </ClInclude>
    <ClInclude Include="PhysicsCore\Geometry\Private\Include\IGeometry.hpp">
      <Filter>ヘッダー ファイル</Filter>
    </ClInclude>
    <ClInclude Include="PhysicsCore\Geometry\Private\Include\GeometryType.hpp">
      <Filter>ヘッダー ファイル</Filter>
    </ClInclude>
    <ClInclude Include="PhysicsCore\Geometry\Public\Include\GeometryBox.hpp">
      <Filter>ヘッダー ファイル</Filter>
    </ClInclude>
    <ClInclude Include="PhysicsCore\Geometry\Public\Include\GeometryCapsule.hpp">
      <Filter>ヘッダー ファイル</Filter>
    </ClInclude>
    <ClInclude Include="PhysicsCore\Geometry\Public\Include\GeometrySphere.hpp">
      <Filter>ヘッダー ファイル</Filter>
    </ClInclude>
    <ClInclude Include="PhysicsCore\Geometry\Public\Include\GeometryPlane.hpp">
      <Filter>ヘッダー ファイル</Filter>
    </ClInclude>
    <ClInclude Include="PhysicsCore\Core\Private\Include\PhysicsActor.hpp">
      <Filter>ヘッダー ファイル</Filter>
    </ClInclude>
    <ClInclude Include="PhysicsCore\Core\Public\Include\PhysicsRigidBody.hpp">
      <Filter>ヘッダー ファイル</Filter>
    </ClInclude>
    <ClInclude Include="GameCore\Rendering\Core\Renderer\Include\UniversalRenderPipeline.hpp">
      <Filter>ヘッダー ファイル</Filter>
    </ClInclude>
    <ClInclude Include="GraphicsCore\RHI\InterfaceCore\RayTracing\Include\RayTracingShaderTable.hpp">
      <Filter>ヘッダー ファイル</Filter>
    </ClInclude>
    <ClInclude Include="GraphicsCore\RHI\DirectX12\RayTracing\Include\DirectX12RayTracingShaderTable.hpp">
      <Filter>ヘッダー ファイル</Filter>
    </ClInclude>
    <ClInclude Include="GraphicsCore\RHI\Vulkan\RayTracing\Include\VulkanRayTracingShaderTable.hpp">
      <Filter>ヘッダー ファイル</Filter>
    </ClInclude>
    <ClInclude Include="GameCore\Rendering\Model\External\MMD\Include\MMDModelConverter.hpp">
      <Filter>ヘッダー ファイル</Filter>
    </ClInclude>
    <ClInclude Include="MainGame\Sample\Include\SampleModel.hpp">
      <Filter>ヘッダー ファイル</Filter>
    </ClInclude>
    <ClInclude Include="GameCore\Core\Include\GameWorldInfo.hpp">
      <Filter>ヘッダー ファイル</Filter>
    </ClInclude>
    <ClInclude Include="GameCore\Rendering\Core\Interface\Include\GBufferDesc.hpp">
      <Filter>ヘッダー ファイル</Filter>
    </ClInclude>
    <ClInclude Include="GameCore\Rendering\Core\Interface\Include\GBuffer.hpp">
      <Filter>ヘッダー ファイル</Filter>
    </ClInclude>
    <ClInclude Include="GameCore\Rendering\Debugger\Include\DebugDrawer.hpp">
      <Filter>ヘッダー ファイル</Filter>
    </ClInclude>
    <ClInclude Include="GameCore\Rendering\Debugger\Include\ScreenCapture.hpp">
      <Filter>ヘッダー ファイル</Filter>
    </ClInclude>
    <ClInclude Include="GraphicsCore\RHI\Vulkan\Core\Include\VulkanErrorCode.hpp">
      <Filter>ヘッダー ファイル</Filter>
    </ClInclude>
    <ClInclude Include="GameCore\Rendering\Effect\Include\FullScreenEffector.hpp">
      <Filter>ヘッダー ファイル</Filter>
    </ClInclude>
    <ClInclude Include="GraphicsCore\RHI\Vulkan\Core\Include\VulkanMemory.hpp">
      <Filter>ヘッダー ファイル</Filter>
    </ClInclude>
    <ClInclude Include="..\..\..\..\3Dゲーム教材(DirectX12)\stb\stb_image.h">
      <Filter>ヘッダー ファイル</Filter>
    </ClInclude>
    <ClInclude Include="Pluguins\stb_image.h">
      <Filter>ヘッダー ファイル</Filter>
    </ClInclude>
    <ClInclude Include="Pluguins\DDSLoader\dds_loader.h">
      <Filter>ヘッダー ファイル</Filter>
    </ClInclude>
    <ClInclude Include="GameCore\Rendering\Effect\Include\Mosaic.hpp">
      <Filter>ヘッダー ファイル</Filter>
    </ClInclude>
    <ClInclude Include="GraphicsCore\RHI\InterfaceCore\RayTracing\Include\RayTracingPIpelineState.hpp">
      <Filter>ヘッダー ファイル</Filter>
    </ClInclude>
    <ClInclude Include="MainGame\Sample\Include\SampleURP.hpp">
      <Filter>ヘッダー ファイル</Filter>
    </ClInclude>
    <ClInclude Include="GameCore\Rendering\Light\Include\SceneLightBuffer.hpp">
      <Filter>ヘッダー ファイル</Filter>
    </ClInclude>
    <ClInclude Include="GameCore\Rendering\Light\External\Include\IESProperty.hpp">
      <Filter>ヘッダー ファイル</Filter>
    </ClInclude>
  </ItemGroup>
  <ItemGroup>
    <ClCompile Include="GameUtility\Math\Source\GMQuaternion.cpp">
      <Filter>ソース ファイル</Filter>
    </ClCompile>
    <ClCompile Include="GameUtility\File\Source\Json.cpp">
      <Filter>ソース ファイル</Filter>
    </ClCompile>
    <ClCompile Include="GameCore\Audio\Private\Source\WavDecoder.cpp">
      <Filter>ソース ファイル</Filter>
    </ClCompile>
    <ClCompile Include="GameUtility\File\Source\FileSystem.cpp">
      <Filter>ソース ファイル</Filter>
    </ClCompile>
    <ClCompile Include="GameCore\Audio\Core\Source\AudioClip.cpp">
      <Filter>ソース ファイル</Filter>
    </ClCompile>
    <ClCompile Include="GameCore\Audio\Core\Source\AudioMaster.cpp">
      <Filter>ソース ファイル</Filter>
    </ClCompile>
    <ClCompile Include="GameCore\Audio\Core\Source\AudioSource.cpp">
      <Filter>ソース ファイル</Filter>
    </ClCompile>
    <ClCompile Include="GameCore\Core\Source\ResourceManager.cpp">
      <Filter>ソース ファイル</Filter>
    </ClCompile>
    <ClCompile Include="GameCore\Audio\Core\Source\AudioSource3D.cpp">
      <Filter>ソース ファイル</Filter>
    </ClCompile>
    <ClCompile Include="GameCore\Input\Source\Mouse.cpp">
      <Filter>ソース ファイル</Filter>
    </ClCompile>
    <ClCompile Include="GameCore\Input\Source\Keyboard.cpp">
      <Filter>ソース ファイル</Filter>
    </ClCompile>
    <ClCompile Include="GameCore\Input\Source\GamePad.cpp">
      <Filter>ソース ファイル</Filter>
    </ClCompile>
    <ClCompile Include="GameCore\Input\Source\GameInput.cpp">
      <Filter>ソース ファイル</Filter>
    </ClCompile>
    <ClCompile Include="GameUtility\Base\Source\GameTimer.cpp">
      <Filter>ソース ファイル</Filter>
    </ClCompile>
    <ClCompile Include="GameUtility\Base\Source\Screen.cpp">
      <Filter>ソース ファイル</Filter>
    </ClCompile>
    <ClCompile Include="GameCore\Core\Source\Camera.cpp">
      <Filter>ソース ファイル</Filter>
    </ClCompile>
    <ClCompile Include="GameUtility\File\Source\UnicodeUtility.cpp">
      <Filter>ソース ファイル</Filter>
    </ClCompile>
    <ClCompile Include="GraphicsCore\RHI\DirectX12\Core\Source\DirectX12Core.cpp">
      <Filter>ソース ファイル</Filter>
    </ClCompile>
    <ClCompile Include="GameCore\Core\Source\GameObject.cpp">
      <Filter>ソース ファイル</Filter>
    </ClCompile>
    <ClCompile Include="GraphicsCore\RHI\DirectX12\RayTracing\Source\DirectX12RayTracingBLASBuffer.cpp">
      <Filter>ソース ファイル</Filter>
    </ClCompile>
    <ClCompile Include="GraphicsCore\RHI\DirectX12\RayTracing\Source\DirectX12RayTracingTLASBuffer.cpp">
      <Filter>ソース ファイル</Filter>
    </ClCompile>
    <ClCompile Include="GameUtility\File\Source\Csv.cpp">
      <Filter>ソース ファイル</Filter>
    </ClCompile>
    <ClCompile Include="MainGame\Core\Source\Application.cpp">
      <Filter>ソース ファイル</Filter>
    </ClCompile>
    <ClCompile Include="MainGame\Core\Source\Main.cpp">
      <Filter>ソース ファイル</Filter>
    </ClCompile>
    <ClCompile Include="MainGame\Core\Source\Scene.cpp">
      <Filter>ソース ファイル</Filter>
    </ClCompile>
    <ClCompile Include="GameCore\Core\Source\GameComponent.cpp">
      <Filter>ソース ファイル</Filter>
    </ClCompile>
    <ClCompile Include="GameCore\Core\Source\GameActor.cpp">
      <Filter>ソース ファイル</Filter>
    </ClCompile>
    <ClCompile Include="GameCore\Rendering\EnvironmentMap\Source\SkyDome.cpp">
      <Filter>ソース ファイル</Filter>
    </ClCompile>
    <ClCompile Include="GameCore\Rendering\UI\Public\Source\UIImage.cpp">
      <Filter>ソース ファイル</Filter>
    </ClCompile>
    <ClCompile Include="MainGame\Sample\Source\SampleSky.cpp">
      <Filter>ソース ファイル</Filter>
    </ClCompile>
    <ClCompile Include="MainGame\Core\Source\SceneManager.cpp">
      <Filter>ソース ファイル</Filter>
    </ClCompile>
    <ClCompile Include="MainGame\Sample\Source\SampleEmpty.cpp">
      <Filter>ソース ファイル</Filter>
    </ClCompile>
    <ClCompile Include="MainGame\Core\Source\GameManager.cpp">
      <Filter>ソース ファイル</Filter>
    </ClCompile>
    <ClCompile Include="GameCore\Rendering\Effect\Source\ColorChange.cpp">
      <Filter>ソース ファイル</Filter>
    </ClCompile>
    <ClCompile Include="GameCore\Rendering\Effect\Source\Blur.cpp">
      <Filter>ソース ファイル</Filter>
    </ClCompile>
    <ClCompile Include="GameCore\Rendering\Effect\Source\DepthOfField.cpp">
      <Filter>ソース ファイル</Filter>
    </ClCompile>
    <ClCompile Include="GameCore\Rendering\Core\BasePass\Source\BasePassGBuffer.cpp">
      <Filter>ソース ファイル</Filter>
    </ClCompile>
    <ClCompile Include="GameCore\Rendering\Core\BasePass\Source\BasePassZPrepass.cpp">
      <Filter>ソース ファイル</Filter>
    </ClCompile>
    <ClCompile Include="GameCore\Rendering\Core\BasePass\Source\BasePassLightCulling.cpp">
      <Filter>ソース ファイル</Filter>
    </ClCompile>
    <ClCompile Include="GameCore\Rendering\Model\External\MMD\Source\PMDParser.cpp">
      <Filter>ソース ファイル</Filter>
    </ClCompile>
    <ClCompile Include="GameCore\Rendering\Model\External\MMD\Source\PMXParser.cpp">
      <Filter>ソース ファイル</Filter>
    </ClCompile>
    <ClCompile Include="GameCore\Rendering\Model\External\MMD\Source\VMDParser.cpp">
      <Filter>ソース ファイル</Filter>
    </ClCompile>
    <ClCompile Include="GameCore\Rendering\Model\External\OBJ\Source\OBJParser.cpp">
      <Filter>ソース ファイル</Filter>
    </ClCompile>
    <ClCompile Include="GameCore\Rendering\Model\External\OBJ\Source\OBJUtils.cpp">
      <Filter>ソース ファイル</Filter>
    </ClCompile>
    <ClCompile Include="GameCore\Rendering\Light\External\Source\IESProfiler.cpp">
      <Filter>ソース ファイル</Filter>
    </ClCompile>
    <ClCompile Include="GameCore\Rendering\Model\External\GLTF\Public\Source\GLTFParser.cpp">
      <Filter>ソース ファイル</Filter>
    </ClCompile>
    <ClCompile Include="GameCore\Rendering\Model\External\GLTF\Private\Source\GLTFAsset.cpp">
      <Filter>ソース ファイル</Filter>
    </ClCompile>
    <ClCompile Include="GameCore\Rendering\Model\External\GLTF\Private\Source\GLTFProperty.cpp">
      <Filter>ソース ファイル</Filter>
    </ClCompile>
    <ClCompile Include="GameCore\Rendering\Model\External\GLTF\Public\Source\GLTFDocument.cpp">
      <Filter>ソース ファイル</Filter>
    </ClCompile>
    <ClCompile Include="GameCore\Rendering\Model\External\GLTF\Public\Source\GLTFDeserialize.cpp">
      <Filter>ソース ファイル</Filter>
    </ClCompile>
    <ClCompile Include="GameCore\Rendering\Model\External\GLTF\Public\Source\GLTFSerialize.cpp">
      <Filter>ソース ファイル</Filter>
    </ClCompile>
    <ClCompile Include="GameCore\Rendering\Model\External\GLTF\Private\Source\GLTFExtenisonHandler.cpp">
      <Filter>ソース ファイル</Filter>
    </ClCompile>
    <ClCompile Include="GameCore\Rendering\Model\External\GLTF\Private\Source\GLTFSchema.cpp">
      <Filter>ソース ファイル</Filter>
    </ClCompile>
    <ClCompile Include="GameCore\Rendering\Model\External\GLTF\Private\Source\GLTFSchemaValidation.cpp">
      <Filter>ソース ファイル</Filter>
    </ClCompile>
    <ClCompile Include="GameCore\Rendering\Model\External\GLTF\Private\Source\GLTFValidation.cpp">
      <Filter>ソース ファイル</Filter>
    </ClCompile>
    <ClCompile Include="GameCore\Rendering\Model\External\GLTF\Private\Source\GLTFBufferBuilder.cpp">
      <Filter>ソース ファイル</Filter>
    </ClCompile>
    <ClCompile Include="GameCore\Rendering\Model\External\GLTF\Private\Source\ResourceWriter.cpp">
      <Filter>ソース ファイル</Filter>
    </ClCompile>
    <ClCompile Include="GameCore\Rendering\Model\External\GLTF\Public\Source\GLTFResourceReader.cpp">
      <Filter>ソース ファイル</Filter>
    </ClCompile>
    <ClCompile Include="GameCore\Rendering\Model\External\GLTF\Public\Source\GLTFResourceWriter.cpp">
      <Filter>ソース ファイル</Filter>
    </ClCompile>
    <ClCompile Include="GameCore\Rendering\Model\External\GLTF\Private\Source\GLTFMeshPrimitiveUtils.cpp">
      <Filter>ソース ファイル</Filter>
    </ClCompile>
    <ClCompile Include="GameCore\Rendering\Model\External\GLTF\Private\Source\GLTFColor.cpp">
      <Filter>ソース ファイル</Filter>
    </ClCompile>
    <ClCompile Include="GameCore\Rendering\Model\External\GLTF\Private\Source\GLTFAnimationUtils.cpp">
      <Filter>ソース ファイル</Filter>
    </ClCompile>
    <ClCompile Include="GameCore\Rendering\UI\Public\Source\UIRenderer.cpp">
      <Filter>ソース ファイル</Filter>
    </ClCompile>
    <ClCompile Include="MainGame\Sample\Source\SampleTexture.cpp">
      <Filter>ソース ファイル</Filter>
    </ClCompile>
    <ClCompile Include="GameCore\Rendering\Model\Source\Mesh.cpp">
      <Filter>ソース ファイル</Filter>
    </ClCompile>
    <ClCompile Include="GameCore\Rendering\Model\Source\Material.cpp">
      <Filter>ソース ファイル</Filter>
    </ClCompile>
    <ClCompile Include="GameCore\Rendering\Core\Renderer\Source\RenderingPipeline.cpp">
      <Filter>ソース ファイル</Filter>
    </ClCompile>
    <ClCompile Include="GameCore\Rendering\Model\Source\GameModel.cpp">
      <Filter>ソース ファイル</Filter>
    </ClCompile>
    <ClCompile Include="GameCore\Rendering\Model\Source\ModelConverter.cpp">
      <Filter>ソース ファイル</Filter>
    </ClCompile>
    <ClCompile Include="GraphicsCore\RHI\DirectX12\Core\Source\DirectX12Device.cpp">
      <Filter>ソース ファイル</Filter>
    </ClCompile>
    <ClCompile Include="GraphicsCore\RHI\DirectX12\Core\Source\DirectX12Fence.cpp">
      <Filter>ソース ファイル</Filter>
    </ClCompile>
    <ClCompile Include="GraphicsCore\RHI\Vulkan\Core\Source\VulkanFence.cpp">
      <Filter>ソース ファイル</Filter>
    </ClCompile>
    <ClCompile Include="GraphicsCore\RHI\DirectX12\Core\Source\DirectX12CommandQueue.cpp">
      <Filter>ソース ファイル</Filter>
    </ClCompile>
    <ClCompile Include="GraphicsCore\RHI\DirectX12\Core\Source\DirectX12Swapchain.cpp">
      <Filter>ソース ファイル</Filter>
    </ClCompile>
    <ClCompile Include="GraphicsCore\RHI\DirectX12\Core\Source\DirectX12CommandAllocator.cpp">
      <Filter>ソース ファイル</Filter>
    </ClCompile>
    <ClCompile Include="GraphicsCore\RHI\DirectX12\Core\Source\DirectX12CommandList.cpp">
      <Filter>ソース ファイル</Filter>
    </ClCompile>
    <ClCompile Include="GraphicsCore\RHI\Vulkan\Core\Source\VulkanCommandQueue.cpp">
      <Filter>ソース ファイル</Filter>
    </ClCompile>
    <ClCompile Include="GraphicsCore\RHI\Vulkan\Core\Source\VulkanCommandAllocator.cpp">
      <Filter>ソース ファイル</Filter>
    </ClCompile>
    <ClCompile Include="GraphicsCore\RHI\Vulkan\Core\Source\VulkanSwapchain.cpp">
      <Filter>ソース ファイル</Filter>
    </ClCompile>
    <ClCompile Include="GraphicsCore\Engine\Source\LowLevelGraphicsEngine.cpp">
      <Filter>ソース ファイル</Filter>
    </ClCompile>
    <ClCompile Include="GraphicsCore\RHI\InterfaceCore\PipelineState\Source\GPUBlendState.cpp">
      <Filter>ソース ファイル</Filter>
    </ClCompile>
    <ClCompile Include="GraphicsCore\RHI\DirectX12\Core\Source\DirectX12EnumConverter.cpp">
      <Filter>ソース ファイル</Filter>
    </ClCompile>
    <ClCompile Include="GraphicsCore\RHI\DirectX12\PipelineState\Source\DirectX12GPUBlendState.cpp">
      <Filter>ソース ファイル</Filter>
    </ClCompile>
    <ClCompile Include="GraphicsCore\RHI\Vulkan\Core\Source\VulkanEnumConverter.cpp">
      <Filter>ソース ファイル</Filter>
    </ClCompile>
    <ClCompile Include="GraphicsCore\RHI\Vulkan\PipelineState\Source\VulkanGPUBlendState.cpp">
      <Filter>ソース ファイル</Filter>
    </ClCompile>
    <ClCompile Include="GraphicsCore\RHI\DirectX12\PipelineState\Source\DirectX12GPURasterizerState.cpp">
      <Filter>ソース ファイル</Filter>
    </ClCompile>
    <ClCompile Include="GraphicsCore\RHI\Vulkan\PipelineState\Source\VulkanGPURasterizerState.cpp">
      <Filter>ソース ファイル</Filter>
    </ClCompile>
    <ClCompile Include="GraphicsCore\RHI\DirectX12\PipelineState\Source\DirectX12GPUDepthStencilState.cpp">
      <Filter>ソース ファイル</Filter>
    </ClCompile>
    <ClCompile Include="GraphicsCore\RHI\Vulkan\PipelineState\Source\VulkanGPUDepthStencilState.cpp">
      <Filter>ソース ファイル</Filter>
    </ClCompile>
    <ClCompile Include="GraphicsCore\RHI\DirectX12\PipelineState\Source\DirectX12GPUInputAssemblyState.cpp">
      <Filter>ソース ファイル</Filter>
    </ClCompile>
    <ClCompile Include="GraphicsCore\RHI\Vulkan\PipelineState\Source\VulkanGPUInputAssemblyState.cpp">
      <Filter>ソース ファイル</Filter>
    </ClCompile>
    <ClCompile Include="GraphicsCore\RHI\DirectX12\PipelineState\Source\DirectX12GPUShaderState.cpp">
      <Filter>ソース ファイル</Filter>
    </ClCompile>
    <ClCompile Include="GraphicsCore\RHI\Vulkan\PipelineState\Source\VulkanGPUShaderState.cpp">
      <Filter>ソース ファイル</Filter>
    </ClCompile>
    <ClCompile Include="GraphicsCore\RHI\DirectX12\PipelineState\Source\DirectX12GPUPipelineFactory.cpp">
      <Filter>ソース ファイル</Filter>
    </ClCompile>
    <ClCompile Include="GraphicsCore\RHI\Vulkan\PipelineState\Source\VulkanGPUPipelineFactory.cpp">
      <Filter>ソース ファイル</Filter>
    </ClCompile>
    <ClCompile Include="GraphicsCore\RHI\InterfaceCore\Resource\Source\GPUBuffer.cpp">
      <Filter>ソース ファイル</Filter>
    </ClCompile>
    <ClCompile Include="GraphicsCore\RHI\DirectX12\Resource\Source\DirectX12GPUBuffer.cpp">
      <Filter>ソース ファイル</Filter>
    </ClCompile>
    <ClCompile Include="GraphicsCore\RHI\InterfaceCore\Core\Source\RHIDescriptorHeap.cpp">
      <Filter>ソース ファイル</Filter>
    </ClCompile>
    <ClCompile Include="GraphicsCore\RHI\DirectX12\Core\Source\DirectX12DescriptorHeap.cpp">
      <Filter>ソース ファイル</Filter>
    </ClCompile>
    <ClCompile Include="GraphicsCore\RHI\Vulkan\Core\Source\VulkanDescriptorHeap.cpp">
      <Filter>ソース ファイル</Filter>
    </ClCompile>
    <ClCompile Include="GraphicsCore\RHI\DirectX12\Resource\Source\DirectX12GPUSampler.cpp">
      <Filter>ソース ファイル</Filter>
    </ClCompile>
    <ClCompile Include="GraphicsCore\RHI\Vulkan\Resource\Source\VulkanGPUSampler.cpp">
      <Filter>ソース ファイル</Filter>
    </ClCompile>
    <ClCompile Include="GraphicsCore\RHI\InterfaceCore\Core\Source\RHICommonState.cpp">
      <Filter>ソース ファイル</Filter>
    </ClCompile>
    <ClCompile Include="GraphicsCore\RHI\DirectX12\Core\Source\DirectX12FrameBuffer.cpp">
      <Filter>ソース ファイル</Filter>
    </ClCompile>
    <ClCompile Include="GraphicsCore\RHI\DirectX12\Resource\Source\DirectX12GPUTexture.cpp">
      <Filter>ソース ファイル</Filter>
    </ClCompile>
    <ClCompile Include="GraphicsCore\RHI\Vulkan\Resource\Source\VulkanGPUTexture.cpp">
      <Filter>ソース ファイル</Filter>
    </ClCompile>
    <ClCompile Include="GraphicsCore\RHI\Vulkan\Core\Source\VulkanCommandList.cpp">
      <Filter>ソース ファイル</Filter>
    </ClCompile>
    <ClCompile Include="GraphicsCore\RHI\InterfaceCore\Resource\Source\GPUTexture.cpp">
      <Filter>ソース ファイル</Filter>
    </ClCompile>
    <ClCompile Include="GraphicsCore\RHI\InterfaceCore\Core\Source\RHIRenderPass.cpp">
      <Filter>ソース ファイル</Filter>
    </ClCompile>
    <ClCompile Include="GraphicsCore\RHI\Vulkan\Core\Source\VulkanRenderPass.cpp">
      <Filter>ソース ファイル</Filter>
    </ClCompile>
    <ClCompile Include="GraphicsCore\RHI\InterfaceCore\Core\Source\RHIFrameBuffer.cpp">
      <Filter>ソース ファイル</Filter>
    </ClCompile>
    <ClCompile Include="GraphicsCore\RHI\Vulkan\Core\Source\VulkanFrameBuffer.cpp">
      <Filter>ソース ファイル</Filter>
    </ClCompile>
    <ClCompile Include="GraphicsCore\RHI\Vulkan\Resource\Source\VulkanGPUBuffer.cpp">
      <Filter>ソース ファイル</Filter>
    </ClCompile>
    <ClCompile Include="GraphicsCore\RHI\DirectX12\Core\Source\DirectX12ResourceLayout.cpp">
      <Filter>ソース ファイル</Filter>
    </ClCompile>
    <ClCompile Include="GraphicsCore\RHI\Vulkan\Core\Source\VulkanResourceLayout.cpp">
      <Filter>ソース ファイル</Filter>
    </ClCompile>
    <ClCompile Include="GraphicsCore\RHI\DirectX12\PipelineState\Source\DirectX12GPUPipelineState.cpp">
      <Filter>ソース ファイル</Filter>
    </ClCompile>
    <ClCompile Include="GraphicsCore\RHI\Vulkan\PipelineState\Source\VulkanGPUPipelineState.cpp">
      <Filter>ソース ファイル</Filter>
    </ClCompile>
    <ClCompile Include="GraphicsCore\RHI\InterfaceCore\Core\Source\RHIInstance.cpp">
      <Filter>ソース ファイル</Filter>
    </ClCompile>
    <ClCompile Include="GraphicsCore\RHI\DirectX12\Core\Source\DirectX12Instance.cpp">
      <Filter>ソース ファイル</Filter>
    </ClCompile>
    <ClCompile Include="GraphicsCore\RHI\DirectX12\Core\Source\DirectX12Adapter.cpp">
      <Filter>ソース ファイル</Filter>
    </ClCompile>
    <ClCompile Include="GraphicsCore\RHI\Vulkan\Core\Source\VulkanInstance.cpp">
      <Filter>ソース ファイル</Filter>
    </ClCompile>
    <ClCompile Include="GraphicsCore\RHI\Vulkan\Core\Source\VulkanAdapter.cpp">
      <Filter>ソース ファイル</Filter>
    </ClCompile>
    <ClCompile Include="GraphicsCore\RHI\Vulkan\Core\Source\VulkanDevice.cpp">
      <Filter>ソース ファイル</Filter>
    </ClCompile>
    <ClCompile Include="GraphicsCore\RHI\DirectX12\Resource\Source\DirectX12GPUResourceView.cpp">
      <Filter>ソース ファイル</Filter>
    </ClCompile>
    <ClCompile Include="GraphicsCore\RHI\Vulkan\Resource\Source\VulkanGPUResourceView.cpp">
      <Filter>ソース ファイル</Filter>
    </ClCompile>
    <ClCompile Include="MainGame\Sample\Source\SampleRectangle.cpp">
      <Filter>ソース ファイル</Filter>
    </ClCompile>
    <ClCompile Include="GameCore\Rendering\Model\Source\PrimitiveMesh.cpp">
      <Filter>ソース ファイル</Filter>
    </ClCompile>
    <ClCompile Include="GraphicsCore\RHI\InterfaceCore\PipelineState\Source\GPUInputASssemblyState.cpp">
      <Filter>ソース ファイル</Filter>
    </ClCompile>
    <ClCompile Include="GraphicsCore\RHI\InterfaceCore\PipelineState\Source\GPUShaderState.cpp">
      <Filter>ソース ファイル</Filter>
    </ClCompile>
    <ClCompile Include="GraphicsCore\RHI\InterfaceCore\Core\Source\RHIDevice.cpp">
      <Filter>ソース ファイル</Filter>
    </ClCompile>
    <ClCompile Include="GraphicsCore\RHI\InterfaceCore\Resource\Source\GPUResourceCache.cpp">
      <Filter>ソース ファイル</Filter>
    </ClCompile>
    <ClCompile Include="MainGame\Sample\Source\SamplerColorChange.cpp">
      <Filter>ソース ファイル</Filter>
    </ClCompile>
    <ClCompile Include="GameCore\Rendering\Effect\Source\Bloom.cpp">
      <Filter>ソース ファイル</Filter>
    </ClCompile>
    <ClCompile Include="MainGame\Sample\Source\SampleRayTracingRectangle.cpp">
      <Filter>ソース ファイル</Filter>
    </ClCompile>
    <ClCompile Include="GraphicsCore\RHI\InterfaceCore\RayTracing\Source\RayTracingGeometry.cpp">
      <Filter>ソース ファイル</Filter>
    </ClCompile>
    <ClCompile Include="GraphicsCore\RHI\DirectX12\RayTracing\Source\DirectX12RayTracingGeometry.cpp">
      <Filter>ソース ファイル</Filter>
    </ClCompile>
    <ClCompile Include="GraphicsCore\RHI\Vulkan\RayTracing\Source\VulkanRayTracingGeometry.cpp">
      <Filter>ソース ファイル</Filter>
    </ClCompile>
    <ClCompile Include="GraphicsCore\RHI\DirectX12\RayTracing\Source\DirectX12RayTracingASInstance.cpp">
      <Filter>ソース ファイル</Filter>
    </ClCompile>
    <ClCompile Include="GraphicsCore\RHI\Vulkan\RayTracing\Source\VulkanRayTracingASInstance.cpp">
      <Filter>ソース ファイル</Filter>
    </ClCompile>
    <ClCompile Include="GraphicsCore\RHI\Vulkan\RayTracing\Source\VulkanRayTracingBLASBuffer.cpp">
      <Filter>ソース ファイル</Filter>
    </ClCompile>
    <ClCompile Include="GraphicsCore\RHI\Vulkan\RayTracing\Source\VulkanRayTracingTLASBuffer.cpp">
      <Filter>ソース ファイル</Filter>
    </ClCompile>
    <ClCompile Include="GameCore\Network\Public\Source\TransportTCP.cpp">
      <Filter>ソース ファイル</Filter>
    </ClCompile>
    <ClCompile Include="GameCore\Network\Public\Source\ITransport.cpp">
      <Filter>ソース ファイル</Filter>
    </ClCompile>
    <ClCompile Include="GameCore\Network\Public\Source\Socket.cpp">
      <Filter>ソース ファイル</Filter>
    </ClCompile>
    <ClCompile Include="GameCore\Network\Private\Source\NetworkErrorCode.cpp">
      <Filter>ソース ファイル</Filter>
    </ClCompile>
    <ClCompile Include="GameCore\Network\Public\Source\IPAddress.cpp">
      <Filter>ソース ファイル</Filter>
    </ClCompile>
    <ClCompile Include="GameCore\Network\Private\Source\MemoryStream.cpp">
      <Filter>ソース ファイル</Filter>
    </ClCompile>
    <ClCompile Include="GameUtility\File\Source\BitConverter.cpp">
      <Filter>ソース ファイル</Filter>
    </ClCompile>
    <ClCompile Include="GameCore\Network\Private\Source\Serializer.cpp">
      <Filter>ソース ファイル</Filter>
    </ClCompile>
    <ClCompile Include="GameCore\Network\Private\Source\PacketQueue.cpp">
      <Filter>ソース ファイル</Filter>
    </ClCompile>
    <ClCompile Include="GameCore\Rendering\UI\Public\Source\UIText.cpp">
      <Filter>ソース ファイル</Filter>
    </ClCompile>
    <ClCompile Include="GameCore\Rendering\UI\Public\Source\UIFont.cpp">
      <Filter>ソース ファイル</Filter>
    </ClCompile>
    <ClCompile Include="MainGame\Sample\Source\SampleText.cpp">
      <Filter>ソース ファイル</Filter>
    </ClCompile>
    <ClCompile Include="GameCore\Audio\Core\Source\AudioClipCache.cpp">
      <Filter>ソース ファイル</Filter>
    </ClCompile>
    <ClCompile Include="MainGame\Sample\Source\SampleAudio.cpp">
      <Filter>ソース ファイル</Filter>
    </ClCompile>
    <ClCompile Include="GameCore\Audio\Core\Source\AudioSubmix.cpp">
      <Filter>ソース ファイル</Filter>
    </ClCompile>
    <ClCompile Include="GameCore\Rendering\UI\Public\Source\UIButton.cpp">
      <Filter>ソース ファイル</Filter>
    </ClCompile>
    <ClCompile Include="MainGame\Sample\Source\SampleUI.cpp">
      <Filter>ソース ファイル</Filter>
    </ClCompile>
    <ClCompile Include="GameCore\Rendering\UI\Public\Source\UISlider.cpp">
      <Filter>ソース ファイル</Filter>
    </ClCompile>
    <ClCompile Include="PhysicsCore\Core\Public\Source\PhysicsScene.cpp">
      <Filter>ソース ファイル</Filter>
    </ClCompile>
    <ClCompile Include="PhysicsCore\Geometry\Public\Source\GeometryBox.cpp">
      <Filter>ソース ファイル</Filter>
    </ClCompile>
    <ClCompile Include="PhysicsCore\Geometry\Public\Source\GeometryCapsule.cpp">
      <Filter>ソース ファイル</Filter>
    </ClCompile>
    <ClCompile Include="PhysicsCore\Geometry\Public\Source\GeometrySphere.cpp">
      <Filter>ソース ファイル</Filter>
    </ClCompile>
    <ClCompile Include="PhysicsCore\Core\Private\Source\PhysicsActor.cpp">
      <Filter>ソース ファイル</Filter>
    </ClCompile>
    <ClCompile Include="PhysicsCore\Core\Public\Source\PhysicsRigidBody.cpp">
      <Filter>ソース ファイル</Filter>
    </ClCompile>
    <ClCompile Include="GameCore\Rendering\Core\Renderer\Source\UniversalRenderPipeline.cpp">
      <Filter>ソース ファイル</Filter>
    </ClCompile>
    <ClCompile Include="GraphicsCore\RHI\DirectX12\RayTracing\Source\DirectX12RayTracingShaderTable.cpp">
      <Filter>ソース ファイル</Filter>
    </ClCompile>
    <ClCompile Include="GraphicsCore\RHI\Vulkan\RayTracing\Source\VulkanRayTracingShaderTable.cpp">
      <Filter>ソース ファイル</Filter>
    </ClCompile>
    <ClCompile Include="GraphicsCore\RHI\InterfaceCore\RayTracing\Source\RayTracingShaderTable.cpp">
      <Filter>ソース ファイル</Filter>
    </ClCompile>
    <ClCompile Include="GameCore\Rendering\Model\External\MMD\Source\MMDModelConverter.cpp">
      <Filter>ソース ファイル</Filter>
    </ClCompile>
    <ClCompile Include="MainGame\Sample\Source\SampleModel.cpp">
      <Filter>ソース ファイル</Filter>
    </ClCompile>
    <ClCompile Include="GameCore\Core\Source\GameWorldInfo.cpp">
      <Filter>ソース ファイル</Filter>
    </ClCompile>
    <ClCompile Include="GameCore\Rendering\Core\Interface\Source\GBuffer.cpp">
      <Filter>ソース ファイル</Filter>
    </ClCompile>
    <ClCompile Include="GameCore\Rendering\Debugger\Source\DebugDrawer.cpp">
      <Filter>ソース ファイル</Filter>
    </ClCompile>
    <ClCompile Include="GameCore\Rendering\Debugger\Source\ScreenCapture.cpp">
      <Filter>ソース ファイル</Filter>
    </ClCompile>
    <ClCompile Include="GraphicsCore\RHI\DirectX12\Core\Source\DirectX12Memory.cpp">
      <Filter>ソース ファイル</Filter>
    </ClCompile>
    <ClCompile Include="GraphicsCore\RHI\Vulkan\Core\Source\VulkanErrorCode.cpp">
      <Filter>ソース ファイル</Filter>
    </ClCompile>
    <ClCompile Include="GameCore\Rendering\Effect\Source\FullScreenEffector.cpp">
      <Filter>ソース ファイル</Filter>
    </ClCompile>
    <ClCompile Include="GraphicsCore\RHI\Vulkan\Core\Source\VulkanMemory.cpp">
      <Filter>ソース ファイル</Filter>
    </ClCompile>
    <ClCompile Include="Pluguins\DDSLoader\dds_loader.cpp">
      <Filter>ソース ファイル</Filter>
    </ClCompile>
    <ClCompile Include="GameCore\Rendering\Effect\Source\Mosaic.cpp">
      <Filter>ソース ファイル</Filter>
    </ClCompile>
    <ClCompile Include="MainGame\Sample\Source\SampleURP.cpp">
      <Filter>ソース ファイル</Filter>
    </ClCompile>
  </ItemGroup>
  <ItemGroup>
    <None Include="GameUtility\Math\Include\GMCollisionFunctions.inl">
      <Filter>ヘッダー ファイル</Filter>
    </None>
    <None Include="GameUtility\Math\Include\GMSimdFunctions.inl">
      <Filter>ヘッダー ファイル</Filter>
    </None>
    <None Include="Shader\Core\ShaderVertexType.hlsli" />
    <None Include="Shader\Core\ShaderColor.hlsli" />
    <None Include="Shader\Core\ShaderConstantBuffer3D.hlsli" />
    <None Include="Shader\Lighting\ShaderBRDF.hlsli" />
    <None Include="Shader\Lighting\ShaderLightType.hlsli" />
    <None Include="Shader\Effect\ShaderTonemapType.hlsli" />
  </ItemGroup>
  <ItemGroup>
    <ResourceCompile Include="MenuResource.rc">
      <Filter>リソース ファイル</Filter>
    </ResourceCompile>
  </ItemGroup>
  <ItemGroup>
    <FxCompile Include="Shader\EnvironmentMap\ShaderSkybox.hlsl" />
    <FxCompile Include="Shader\Sprite\ShaderDefault2D.hlsl" />
    <FxCompile Include="Shader\Effect\ShaderColorChange.hlsl" />
    <FxCompile Include="Shader\Effect\ShaderGaussianBlur.hlsl" />
    <FxCompile Include="Shader\Effect\ShaderDepthOfField.hlsl" />
    <FxCompile Include="Shader\Lighting\ShaderTileBasedLightCulling.hlsl" />
    <FxCompile Include="Shader\Sprite\ShaderTest.hlsl" />
    <FxCompile Include="Shader\Effect\ShaderTonemap.hlsl" />
    <FxCompile Include="Shader\Effect\ShaderBloom.hlsl" />
    <FxCompile Include="Shader\Sprite\ShaderRayTracingTest.hlsl" />
    <FxCompile Include="Shader\Lighting\ShaderZPrepass.hlsl" />
    <FxCompile Include="Shader\Lighting\ShaderGBuffer.hlsl" />
    <FxCompile Include="Shader\Core\ShaderDebug.hlsl" />
    <FxCompile Include="Shader\Effect\ShaderMosaic.hlsl" />
    <FxCompile Include="Shader\Model\ShaderURPForwardRendering.hlsl" />
  </ItemGroup>
</Project>